{
    "version": 3,
    "terraform_version": "0.11.7",
    "serial": 4,
    "lineage": "5277794b-15b2-26ca-5061-a12cf6b980ee",
    "modules": [
        {
            "path": [
                "root"
            ],
            "outputs": {},
            "resources": {
                "tfe_variable.prod_aws_access_key": {
                    "type": "tfe_variable",
                    "depends_on": [
                        "tfe_workspace.prod"
                    ],
                    "primary": {
                        "id": "var-3eGRu9XHGXJqiPwu",
                        "attributes": {
                            "category": "env",
                            "hcl": "false",
                            "id": "var-3eGRu9XHGXJqiPwu",
                            "key": "AWS_ACCESS_KEY_ID",
                            "sensitive": "false",
                            "value": "asdfkjewaqoru",
                            "workspace_id": "azc/Examples-prod"
                        },
                        "meta": {},
                        "tainted": false
                    },
                    "deposed": [],
                    "provider": "provider.tfe"
                },
                "tfe_variable.prod_aws_secret_key": {
                    "type": "tfe_variable",
                    "depends_on": [
                        "tfe_workspace.prod"
                    ],
                    "primary": {
                        "id": "var-6dio4toysvSJaS4A",
                        "attributes": {
                            "category": "env",
                            "hcl": "false",
                            "id": "var-6dio4toysvSJaS4A",
                            "key": "AWS_SECRET_ACCESS_KEY",
                            "sensitive": "true",
                            "value": "asdfkjewaqoru",
                            "workspace_id": "azc/Examples-prod"
                        },
                        "meta": {},
                        "tainted": false
                    },
                    "deposed": [],
                    "provider": "provider.tfe"
                },
                "tfe_variable.research_aws_access_key": {
                    "type": "tfe_variable",
                    "depends_on": [
                        "tfe_workspace.research"
                    ],
                    "primary": {
                        "id": "var-JGApsbM59Xa5H6n8",
                        "attributes": {
                            "category": "env",
                            "hcl": "false",
                            "id": "var-JGApsbM59Xa5H6n8",
                            "key": "AWS_ACCESS_KEY_ID",
                            "sensitive": "false",
                            "value": "asdfkjewaqoru",
                            "workspace_id": "azc/Examples-research"
                        },
                        "meta": {},
                        "tainted": false
                    },
                    "deposed": [],
                    "provider": "provider.tfe"
                },
                "tfe_variable.research_aws_secret_key": {
                    "type": "tfe_variable",
                    "depends_on": [
                        "tfe_workspace.research"
                    ],
                    "primary": {
                        "id": "var-oq82S6mYoM1ATFZp",
                        "attributes": {
                            "category": "env",
                            "hcl": "false",
                            "id": "var-oq82S6mYoM1ATFZp",
                            "key": "AWS_SECRET_ACCESS_KEY",
                            "sensitive": "true",
                            "value": "asdfkjewaqoru",
                            "workspace_id": "azc/Examples-research"
                        },
                        "meta": {},
                        "tainted": false
                    },
                    "deposed": [],
                    "provider": "provider.tfe"
                },
                "tfe_variable.test_aws_access_key": {
                    "type": "tfe_variable",
                    "depends_on": [
                        "tfe_workspace.test"
                    ],
                    "primary": {
                        "id": "var-zsSevh7uenYXRyWW",
                        "attributes": {
                            "category": "env",
                            "hcl": "false",
                            "id": "var-zsSevh7uenYXRyWW",
                            "key": "AWS_ACCESS_KEY_ID",
                            "sensitive": "false",
                            "value": "asdfkjewaqoru",
                            "workspace_id": "azc/Examples-test"
                        },
                        "meta": {},
                        "tainted": false
                    },
                    "deposed": [],
                    "provider": "provider.tfe"
                },
                "tfe_variable.test_aws_secret_key": {
                    "type": "tfe_variable",
                    "depends_on": [
                        "tfe_workspace.test"
                    ],
                    "primary": {
                        "id": "var-hwC7VEPYkVp1zVtP",
                        "attributes": {
                            "category": "env",
                            "hcl": "false",
                            "id": "var-hwC7VEPYkVp1zVtP",
                            "key": "AWS_SECRET_ACCESS_KEY",
                            "sensitive": "true",
                            "value": "asdfkjewaqoru",
                            "workspace_id": "azc/Examples-test"
                        },
                        "meta": {},
                        "tainted": false
                    },
                    "deposed": [],
                    "provider": "provider.tfe"
                },
                "tfe_workspace.prod": {
                    "type": "tfe_workspace",
                    "depends_on": [],
                    "primary": {
                        "id": "azc/Examples-prod",
                        "attributes": {
                            "auto_apply": "false",
                            "external_id": "ws-YLbic7Ea2wn7fSc8",
                            "id": "azc/Examples-prod",
                            "name": "Examples-prod",
                            "organization": "azc",
                            "terraform_version": "0.11.10",
                            "vcs_repo.#": "1",
                            "vcs_repo.266726286.branch": "",
                            "vcs_repo.266726286.identifier": "AdamCavaliere/ExampleTeam",
                            "vcs_repo.266726286.ingress_submodules": "false",
                            "vcs_repo.266726286.oauth_token_id": "ot-47J7aiFdCimQSNXM",
                            "working_directory": "prod"
                        },
                        "meta": {},
                        "tainted": false
                    },
                    "deposed": [],
                    "provider": "provider.tfe"
                },
                "tfe_workspace.research": {
                    "type": "tfe_workspace",
                    "depends_on": [],
                    "primary": {
                        "id": "azc/Examples-research",
                        "attributes": {
                            "auto_apply": "false",
                            "external_id": "ws-ij47v2zcs4bdKPfK",
                            "id": "azc/Examples-research",
                            "name": "Examples-research",
                            "organization": "azc",
                            "terraform_version": "0.11.10",
                            "vcs_repo.#": "1",
                            "vcs_repo.266726286.branch": "",
                            "vcs_repo.266726286.identifier": "AdamCavaliere/ExampleTeam",
                            "vcs_repo.266726286.ingress_submodules": "false",
                            "vcs_repo.266726286.oauth_token_id": "ot-47J7aiFdCimQSNXM",
                            "working_directory": "research"
                        },
                        "meta": {},
                        "tainted": false
                    },
                    "deposed": [],
                    "provider": "provider.tfe"
                },
                "tfe_workspace.test": {
                    "type": "tfe_workspace",
                    "depends_on": [],
                    "primary": {
                        "id": "azc/Examples-test",
                        "attributes": {
                            "auto_apply": "false",
                            "external_id": "ws-k5efRK6oMxm3ucJj",
                            "id": "azc/Examples-test",
                            "name": "Examples-test",
                            "organization": "azc",
                            "terraform_version": "0.11.10",
                            "vcs_repo.#": "1",
                            "vcs_repo.266726286.branch": "",
                            "vcs_repo.266726286.identifier": "AdamCavaliere/ExampleTeam",
                            "vcs_repo.266726286.ingress_submodules": "false",
                            "vcs_repo.266726286.oauth_token_id": "ot-47J7aiFdCimQSNXM",
                            "working_directory": "test"
                        },
                        "meta": {},
                        "tainted": false
                    },
                    "deposed": [],
                    "provider": "provider.tfe"
                }
            },
            "depends_on": []
        }
    ]
}
